
Microsoft Visual Studio Solution File, Format Version 12.00
# Visual Studio Version 17
VisualStudioVersion = 17.4.33122.133
MinimumVisualStudioVersion = 10.0.40219.1
Project("{FAE04EC0-301F-11D3-BF4B-00C04F79EFBC}") = "Core_Project", "Core_Project\Core_Project.csproj", "{6D48D44D-A74D-4AB5-AC95-1828D9D6EDCE}"
EndProject
Global
	GlobalSection(SolutionConfigurationPlatforms) = preSolution
		Debug|Any CPU = Debug|Any CPU
		Release|Any CPU = Release|Any CPU
	EndGlobalSection
	GlobalSection(ProjectConfigurationPlatforms) = postSolution
		{6D48D44D-A74D-4AB5-AC95-1828D9D6EDCE}.Debug|Any CPU.ActiveCfg = Debug|Any CPU
		{6D48D44D-A74D-4AB5-AC95-1828D9D6EDCE}.Debug|Any CPU.Build.0 = Debug|Any CPU
		{6D48D44D-A74D-4AB5-AC95-1828D9D6EDCE}.Release|Any CPU.ActiveCfg = Release|Any CPU
		{6D48D44D-A74D-4AB5-AC95-1828D9D6EDCE}.Release|Any CPU.Build.0 = Release|Any CPU
	EndGlobalSection
	GlobalSection(SolutionProperties) = preSolution
		HideSolutionNode = FALSE
	EndGlobalSection
	GlobalSection(ExtensibilityGlobals) = postSolution
		SolutionGuid = {68D70C90-ECE8-47EF-9EBB-D307832B3D56}
	EndGlobalSection
EndGlobal
